// !$*UTF8*$!
{
	archiveVersion = 1;
	classes = {
	};
	objectVersion = 56;
	objects = {

/* Begin PBXBuildFile section */
		A61442242A8AB19F00176F72 /* RxSwift in Frameworks */ = {isa = PBXBuildFile; productRef = A61442232A8AB19F00176F72 /* RxSwift */; };
		A61442272A8AB2DE00176F72 /* TodosDaoRepository.swift in Sources */ = {isa = PBXBuildFile; fileRef = A61442262A8AB2DE00176F72 /* TodosDaoRepository.swift */; };
		A614422A2A8AB32F00176F72 /* HomePageVM.swift in Sources */ = {isa = PBXBuildFile; fileRef = A61442292A8AB32F00176F72 /* HomePageVM.swift */; };
		A614422C2A8AB34A00176F72 /* DetailTodoVM.swift in Sources */ = {isa = PBXBuildFile; fileRef = A614422B2A8AB34A00176F72 /* DetailTodoVM.swift */; };
		A614422E2A8AB35200176F72 /* AddTodoVM.swift in Sources */ = {isa = PBXBuildFile; fileRef = A614422D2A8AB35200176F72 /* AddTodoVM.swift */; };
		A64BBC0F2A78ECA00061ACD8 /* AppDelegate.swift in Sources */ = {isa = PBXBuildFile; fileRef = A64BBC0E2A78ECA00061ACD8 /* AppDelegate.swift */; };
		A64BBC112A78ECA00061ACD8 /* SceneDelegate.swift in Sources */ = {isa = PBXBuildFile; fileRef = A64BBC102A78ECA00061ACD8 /* SceneDelegate.swift */; };
		A64BBC132A78ECA00061ACD8 /* HomePageVC.swift in Sources */ = {isa = PBXBuildFile; fileRef = A64BBC122A78ECA00061ACD8 /* HomePageVC.swift */; };
		A64BBC162A78ECA00061ACD8 /* Main.storyboard in Resources */ = {isa = PBXBuildFile; fileRef = A64BBC142A78ECA00061ACD8 /* Main.storyboard */; };
		A64BBC182A78ECA10061ACD8 /* Assets.xcassets in Resources */ = {isa = PBXBuildFile; fileRef = A64BBC172A78ECA10061ACD8 /* Assets.xcassets */; };
		A64BBC1B2A78ECA10061ACD8 /* LaunchScreen.storyboard in Resources */ = {isa = PBXBuildFile; fileRef = A64BBC192A78ECA10061ACD8 /* LaunchScreen.storyboard */; };
		A64BBC272A78ED870061ACD8 /* DetailTodoVC.swift in Sources */ = {isa = PBXBuildFile; fileRef = A64BBC262A78ED870061ACD8 /* DetailTodoVC.swift */; };
		A64BBC292A78ED940061ACD8 /* AddTodoVC.swift in Sources */ = {isa = PBXBuildFile; fileRef = A64BBC282A78ED940061ACD8 /* AddTodoVC.swift */; };
		A64BBC2D2A78F20D0061ACD8 /* Todo.swift in Sources */ = {isa = PBXBuildFile; fileRef = A64BBC2C2A78F20D0061ACD8 /* Todo.swift */; };
		A6D4C44A2A7D06D900369064 /* TodoCell.swift in Sources */ = {isa = PBXBuildFile; fileRef = A6D4C4492A7D06D900369064 /* TodoCell.swift */; };
/* End PBXBuildFile section */

/* Begin PBXFileReference section */
		A61442262A8AB2DE00176F72 /* TodosDaoRepository.swift */ = {isa = PBXFileReference; lastKnownFileType = sourcecode.swift; path = TodosDaoRepository.swift; sourceTree = "<group>"; };
		A61442292A8AB32F00176F72 /* HomePageVM.swift */ = {isa = PBXFileReference; lastKnownFileType = sourcecode.swift; path = HomePageVM.swift; sourceTree = "<group>"; };
		A614422B2A8AB34A00176F72 /* DetailTodoVM.swift */ = {isa = PBXFileReference; lastKnownFileType = sourcecode.swift; path = DetailTodoVM.swift; sourceTree = "<group>"; };
		A614422D2A8AB35200176F72 /* AddTodoVM.swift */ = {isa = PBXFileReference; lastKnownFileType = sourcecode.swift; path = AddTodoVM.swift; sourceTree = "<group>"; };
		A64BBC0B2A78ECA00061ACD8 /* TodoApp.app */ = {isa = PBXFileReference; explicitFileType = wrapper.application; includeInIndex = 0; path = TodoApp.app; sourceTree = BUILT_PRODUCTS_DIR; };
		A64BBC0E2A78ECA00061ACD8 /* AppDelegate.swift */ = {isa = PBXFileReference; lastKnownFileType = sourcecode.swift; path = AppDelegate.swift; sourceTree = "<group>"; };
		A64BBC102A78ECA00061ACD8 /* SceneDelegate.swift */ = {isa = PBXFileReference; lastKnownFileType = sourcecode.swift; path = SceneDelegate.swift; sourceTree = "<group>"; };
		A64BBC122A78ECA00061ACD8 /* HomePageVC.swift */ = {isa = PBXFileReference; lastKnownFileType = sourcecode.swift; path = HomePageVC.swift; sourceTree = "<group>"; };
		A64BBC152A78ECA00061ACD8 /* Base */ = {isa = PBXFileReference; lastKnownFileType = file.storyboard; name = Base; path = Base.lproj/Main.storyboard; sourceTree = "<group>"; };
		A64BBC172A78ECA10061ACD8 /* Assets.xcassets */ = {isa = PBXFileReference; lastKnownFileType = folder.assetcatalog; path = Assets.xcassets; sourceTree = "<group>"; };
		A64BBC1A2A78ECA10061ACD8 /* Base */ = {isa = PBXFileReference; lastKnownFileType = file.storyboard; name = Base; path = Base.lproj/LaunchScreen.storyboard; sourceTree = "<group>"; };
		A64BBC1C2A78ECA10061ACD8 /* Info.plist */ = {isa = PBXFileReference; lastKnownFileType = text.plist.xml; path = Info.plist; sourceTree = "<group>"; };
		A64BBC262A78ED870061ACD8 /* DetailTodoVC.swift */ = {isa = PBXFileReference; lastKnownFileType = sourcecode.swift; path = DetailTodoVC.swift; sourceTree = "<group>"; };
		A64BBC282A78ED940061ACD8 /* AddTodoVC.swift */ = {isa = PBXFileReference; lastKnownFileType = sourcecode.swift; path = AddTodoVC.swift; sourceTree = "<group>"; };
		A64BBC2C2A78F20D0061ACD8 /* Todo.swift */ = {isa = PBXFileReference; lastKnownFileType = sourcecode.swift; path = Todo.swift; sourceTree = "<group>"; };
		A6D4C4492A7D06D900369064 /* TodoCell.swift */ = {isa = PBXFileReference; lastKnownFileType = sourcecode.swift; path = TodoCell.swift; sourceTree = "<group>"; };
/* End PBXFileReference section */

/* Begin PBXFrameworksBuildPhase section */
		A64BBC082A78ECA00061ACD8 /* Frameworks */ = {
			isa = PBXFrameworksBuildPhase;
			buildActionMask = 2147483647;
			files = (
				A61442242A8AB19F00176F72 /* RxSwift in Frameworks */,
			);
			runOnlyForDeploymentPostprocessing = 0;
		};
/* End PBXFrameworksBuildPhase section */

/* Begin PBXGroup section */
		A61442252A8AB2C600176F72 /* repo */ = {
			isa = PBXGroup;
			children = (
				A61442262A8AB2DE00176F72 /* TodosDaoRepository.swift */,
			);
			path = repo;
			sourceTree = "<group>";
		};
		A61442282A8AB31200176F72 /* viewmodel */ = {
			isa = PBXGroup;
			children = (
				A61442292A8AB32F00176F72 /* HomePageVM.swift */,
				A614422B2A8AB34A00176F72 /* DetailTodoVM.swift */,
				A614422D2A8AB35200176F72 /* AddTodoVM.swift */,
			);
			path = viewmodel;
			sourceTree = "<group>";
		};
		A64BBC022A78ECA00061ACD8 = {
			isa = PBXGroup;
			children = (
				A64BBC0D2A78ECA00061ACD8 /* TodoApp */,
				A64BBC0C2A78ECA00061ACD8 /* Products */,
			);
			sourceTree = "<group>";
		};
		A64BBC0C2A78ECA00061ACD8 /* Products */ = {
			isa = PBXGroup;
			children = (
				A64BBC0B2A78ECA00061ACD8 /* TodoApp.app */,
			);
			name = Products;
			sourceTree = "<group>";
		};
		A64BBC0D2A78ECA00061ACD8 /* TodoApp */ = {
			isa = PBXGroup;
			children = (
				A64BBC222A78ED030061ACD8 /* ui */,
				A64BBC2A2A78F1F40061ACD8 /* data */,
				A64BBC0E2A78ECA00061ACD8 /* AppDelegate.swift */,
				A64BBC102A78ECA00061ACD8 /* SceneDelegate.swift */,
				A64BBC142A78ECA00061ACD8 /* Main.storyboard */,
				A64BBC172A78ECA10061ACD8 /* Assets.xcassets */,
				A64BBC192A78ECA10061ACD8 /* LaunchScreen.storyboard */,
				A64BBC1C2A78ECA10061ACD8 /* Info.plist */,
			);
			path = TodoApp;
			sourceTree = "<group>";
		};
		A64BBC222A78ED030061ACD8 /* ui */ = {
			isa = PBXGroup;
			children = (
				A61442282A8AB31200176F72 /* viewmodel */,
				A6D4C4482A7D06C300369064 /* tableview */,
				A64BBC252A78ED460061ACD8 /* views */,
			);
			path = ui;
			sourceTree = "<group>";
		};
		A64BBC252A78ED460061ACD8 /* views */ = {
			isa = PBXGroup;
			children = (
				A64BBC122A78ECA00061ACD8 /* HomePageVC.swift */,
				A64BBC262A78ED870061ACD8 /* DetailTodoVC.swift */,
				A64BBC282A78ED940061ACD8 /* AddTodoVC.swift */,
			);
			path = views;
			sourceTree = "<group>";
		};
		A64BBC2A2A78F1F40061ACD8 /* data */ = {
			isa = PBXGroup;
			children = (
				A61442252A8AB2C600176F72 /* repo */,
				A64BBC2B2A78F1FF0061ACD8 /* entity */,
			);
			path = data;
			sourceTree = "<group>";
		};
		A64BBC2B2A78F1FF0061ACD8 /* entity */ = {
			isa = PBXGroup;
			children = (
				A64BBC2C2A78F20D0061ACD8 /* Todo.swift */,
			);
			path = entity;
			sourceTree = "<group>";
		};
		A6D4C4482A7D06C300369064 /* tableview */ = {
			isa = PBXGroup;
			children = (
				A6D4C4492A7D06D900369064 /* TodoCell.swift */,
			);
			path = tableview;
			sourceTree = "<group>";
		};
/* End PBXGroup section */

/* Begin PBXNativeTarget section */
		A64BBC0A2A78ECA00061ACD8 /* TodoApp */ = {
			isa = PBXNativeTarget;
			buildConfigurationList = A64BBC1F2A78ECA10061ACD8 /* Build configuration list for PBXNativeTarget "TodoApp" */;
			buildPhases = (
				A64BBC072A78ECA00061ACD8 /* Sources */,
				A64BBC082A78ECA00061ACD8 /* Frameworks */,
				A64BBC092A78ECA00061ACD8 /* Resources */,
			);
			buildRules = (
			);
			dependencies = (
			);
			name = TodoApp;
			packageProductDependencies = (
				A61442232A8AB19F00176F72 /* RxSwift */,
			);
			productName = TodoApp;
			productReference = A64BBC0B2A78ECA00061ACD8 /* TodoApp.app */;
			productType = "com.apple.product-type.application";
		};
/* End PBXNativeTarget section */

/* Begin PBXProject section */
		A64BBC032A78ECA00061ACD8 /* Project object */ = {
			isa = PBXProject;
			attributes = {
				BuildIndependentTargetsInParallel = 1;
				LastSwiftUpdateCheck = 1420;
				LastUpgradeCheck = 1420;
				TargetAttributes = {
					A64BBC0A2A78ECA00061ACD8 = {
						CreatedOnToolsVersion = 14.2;
					};
				};
			};
			buildConfigurationList = A64BBC062A78ECA00061ACD8 /* Build configuration list for PBXProject "TodoApp" */;
			compatibilityVersion = "Xcode 14.0";
			developmentRegion = en;
			hasScannedForEncodings = 0;
			knownRegions = (
				en,
				Base,
			);
			mainGroup = A64BBC022A78ECA00061ACD8;
			packageReferences = (
				A61442222A8AB19F00176F72 /* XCRemoteSwiftPackageReference "RxSwift" */,
			);
			productRefGroup = A64BBC0C2A78ECA00061ACD8 /* Products */;
			projectDirPath = "";
			projectRoot = "";
			targets = (
				A64BBC0A2A78ECA00061ACD8 /* TodoApp */,
			);
		};
/* End PBXProject section */

/* Begin PBXResourcesBuildPhase section */
		A64BBC092A78ECA00061ACD8 /* Resources */ = {
			isa = PBXResourcesBuildPhase;
			buildActionMask = 2147483647;
			files = (
				A64BBC1B2A78ECA10061ACD8 /* LaunchScreen.storyboard in Resources */,
				A64BBC182A78ECA10061ACD8 /* Assets.xcassets in Resources */,
				A64BBC162A78ECA00061ACD8 /* Main.storyboard in Resources */,
			);
			runOnlyForDeploymentPostprocessing = 0;
		};
/* End PBXResourcesBuildPhase section */

/* Begin PBXSourcesBuildPhase section */
		A64BBC072A78ECA00061ACD8 /* Sources */ = {
			isa = PBXSourcesBuildPhase;
			buildActionMask = 2147483647;
			files = (
				A61442272A8AB2DE00176F72 /* TodosDaoRepository.swift in Sources */,
				A64BBC132A78ECA00061ACD8 /* HomePageVC.swift in Sources */,
				A614422A2A8AB32F00176F72 /* HomePageVM.swift in Sources */,
				A614422E2A8AB35200176F72 /* AddTodoVM.swift in Sources */,
				A64BBC2D2A78F20D0061ACD8 /* Todo.swift in Sources */,
				A6D4C44A2A7D06D900369064 /* TodoCell.swift in Sources */,
				A64BBC0F2A78ECA00061ACD8 /* AppDelegate.swift in Sources */,
				A64BBC112A78ECA00061ACD8 /* SceneDelegate.swift in Sources */,
				A64BBC292A78ED940061ACD8 /* AddTodoVC.swift in Sources */,
				A64BBC272A78ED870061ACD8 /* DetailTodoVC.swift in Sources */,
				A614422C2A8AB34A00176F72 /* DetailTodoVM.swift in Sources */,
			);
			runOnlyForDeploymentPostprocessing = 0;
		};
/* End PBXSourcesBuildPhase section */

/* Begin PBXVariantGroup section */
		A64BBC142A78ECA00061ACD8 /* Main.storyboard */ = {
			isa = PBXVariantGroup;
			children = (
				A64BBC152A78ECA00061ACD8 /* Base */,
			);
			name = Main.storyboard;
			sourceTree = "<group>";
		};
		A64BBC192A78ECA10061ACD8 /* LaunchScreen.storyboard */ = {
			isa = PBXVariantGroup;
			children = (
				A64BBC1A2A78ECA10061ACD8 /* Base */,
			);
			name = LaunchScreen.storyboard;
			sourceTree = "<group>";
		};
/* End PBXVariantGroup section */

/* Begin XCBuildConfiguration section */
		A64BBC1D2A78ECA10061ACD8 /* Debug */ = {
			isa = XCBuildConfiguration;
			buildSettings = {
				ALWAYS_SEARCH_USER_PATHS = NO;
				CLANG_ANALYZER_NONNULL = YES;
				CLANG_ANALYZER_NUMBER_OBJECT_CONVERSION = YES_AGGRESSIVE;
				CLANG_CXX_LANGUAGE_STANDARD = "gnu++20";
				CLANG_ENABLE_MODULES = YES;
				CLANG_ENABLE_OBJC_ARC = YES;
				CLANG_ENABLE_OBJC_WEAK = YES;
				CLANG_WARN_BLOCK_CAPTURE_AUTORELEASING = YES;
				CLANG_WARN_BOOL_CONVERSION = YES;
				CLANG_WARN_COMMA = YES;
				CLANG_WARN_CONSTANT_CONVERSION = YES;
				CLANG_WARN_DEPRECATED_OBJC_IMPLEMENTATIONS = YES;
				CLANG_WARN_DIRECT_OBJC_ISA_USAGE = YES_ERROR;
				CLANG_WARN_DOCUMENTATION_COMMENTS = YES;
				CLANG_WARN_EMPTY_BODY = YES;
				CLANG_WARN_ENUM_CONVERSION = YES;
				CLANG_WARN_INFINITE_RECURSION = YES;
				CLANG_WARN_INT_CONVERSION = YES;
				CLANG_WARN_NON_LITERAL_NULL_CONVERSION = YES;
				CLANG_WARN_OBJC_IMPLICIT_RETAIN_SELF = YES;
				CLANG_WARN_OBJC_LITERAL_CONVERSION = YES;
				CLANG_WARN_OBJC_ROOT_CLASS = YES_ERROR;
				CLANG_WARN_QUOTED_INCLUDE_IN_FRAMEWORK_HEADER = YES;
				CLANG_WARN_RANGE_LOOP_ANALYSIS = YES;
				CLANG_WARN_STRICT_PROTOTYPES = YES;
				CLANG_WARN_SUSPICIOUS_MOVE = YES;
				CLANG_WARN_UNGUARDED_AVAILABILITY = YES_AGGRESSIVE;
				CLANG_WARN_UNREACHABLE_CODE = YES;
				CLANG_WARN__DUPLICATE_METHOD_MATCH = YES;
				COPY_PHASE_STRIP = NO;
				DEBUG_INFORMATION_FORMAT = dwarf;
				ENABLE_STRICT_OBJC_MSGSEND = YES;
				ENABLE_TESTABILITY = YES;
				GCC_C_LANGUAGE_STANDARD = gnu11;
				GCC_DYNAMIC_NO_PIC = NO;
				GCC_NO_COMMON_BLOCKS = YES;
				GCC_OPTIMIZATION_LEVEL = 0;
				GCC_PREPROCESSOR_DEFINITIONS = (
					"DEBUG=1",
					"$(inherited)",
				);
				GCC_WARN_64_TO_32_BIT_CONVERSION = YES;
				GCC_WARN_ABOUT_RETURN_TYPE = YES_ERROR;
				GCC_WARN_UNDECLARED_SELECTOR = YES;
				GCC_WARN_UNINITIALIZED_AUTOS = YES_AGGRESSIVE;
				GCC_WARN_UNUSED_FUNCTION = YES;
				GCC_WARN_UNUSED_VARIABLE = YES;
				IPHONEOS_DEPLOYMENT_TARGET = 16.2;
				MTL_ENABLE_DEBUG_INFO = INCLUDE_SOURCE;
				MTL_FAST_MATH = YES;
				ONLY_ACTIVE_ARCH = YES;
				SDKROOT = iphoneos;
				SWIFT_ACTIVE_COMPILATION_CONDITIONS = DEBUG;
				SWIFT_OPTIMIZATION_LEVEL = "-Onone";
			};
			name = Debug;
		};
		A64BBC1E2A78ECA10061ACD8 /* Release */ = {
			isa = XCBuildConfiguration;
			buildSettings = {
				ALWAYS_SEARCH_USER_PATHS = NO;
				CLANG_ANALYZER_NONNULL = YES;
				CLANG_ANALYZER_NUMBER_OBJECT_CONVERSION = YES_AGGRESSIVE;
				CLANG_CXX_LANGUAGE_STANDARD = "gnu++20";
				CLANG_ENABLE_MODULES = YES;
				CLANG_ENABLE_OBJC_ARC = YES;
				CLANG_ENABLE_OBJC_WEAK = YES;
				CLANG_WARN_BLOCK_CAPTURE_AUTORELEASING = YES;
				CLANG_WARN_BOOL_CONVERSION = YES;
				CLANG_WARN_COMMA = YES;
				CLANG_WARN_CONSTANT_CONVERSION = YES;
				CLANG_WARN_DEPRECATED_OBJC_IMPLEMENTATIONS = YES;
				CLANG_WARN_DIRECT_OBJC_ISA_USAGE = YES_ERROR;
				CLANG_WARN_DOCUMENTATION_COMMENTS = YES;
				CLANG_WARN_EMPTY_BODY = YES;
				CLANG_WARN_ENUM_CONVERSION = YES;
				CLANG_WARN_INFINITE_RECURSION = YES;
				CLANG_WARN_INT_CONVERSION = YES;
				CLANG_WARN_NON_LITERAL_NULL_CONVERSION = YES;
				CLANG_WARN_OBJC_IMPLICIT_RETAIN_SELF = YES;
				CLANG_WARN_OBJC_LITERAL_CONVERSION = YES;
				CLANG_WARN_OBJC_ROOT_CLASS = YES_ERROR;
				CLANG_WARN_QUOTED_INCLUDE_IN_FRAMEWORK_HEADER = YES;
				CLANG_WARN_RANGE_LOOP_ANALYSIS = YES;
				CLANG_WARN_STRICT_PROTOTYPES = YES;
				CLANG_WARN_SUSPICIOUS_MOVE = YES;
				CLANG_WARN_UNGUARDED_AVAILABILITY = YES_AGGRESSIVE;
				CLANG_WARN_UNREACHABLE_CODE = YES;
				CLANG_WARN__DUPLICATE_METHOD_MATCH = YES;
				COPY_PHASE_STRIP = NO;
				DEBUG_INFORMATION_FORMAT = "dwarf-with-dsym";
				ENABLE_NS_ASSERTIONS = NO;
				ENABLE_STRICT_OBJC_MSGSEND = YES;
				GCC_C_LANGUAGE_STANDARD = gnu11;
				GCC_NO_COMMON_BLOCKS = YES;
				GCC_WARN_64_TO_32_BIT_CONVERSION = YES;
				GCC_WARN_ABOUT_RETURN_TYPE = YES_ERROR;
				GCC_WARN_UNDECLARED_SELECTOR = YES;
				GCC_WARN_UNINITIALIZED_AUTOS = YES_AGGRESSIVE;
				GCC_WARN_UNUSED_FUNCTION = YES;
				GCC_WARN_UNUSED_VARIABLE = YES;
				IPHONEOS_DEPLOYMENT_TARGET = 16.2;
				MTL_ENABLE_DEBUG_INFO = NO;
				MTL_FAST_MATH = YES;
				SDKROOT = iphoneos;
				SWIFT_COMPILATION_MODE = wholemodule;
				SWIFT_OPTIMIZATION_LEVEL = "-O";
				VALIDATE_PRODUCT = YES;
			};
			name = Release;
		};
		A64BBC202A78ECA10061ACD8 /* Debug */ = {
			isa = XCBuildConfiguration;
			buildSettings = {
				ASSETCATALOG_COMPILER_APPICON_NAME = AppIcon;
				ASSETCATALOG_COMPILER_GLOBAL_ACCENT_COLOR_NAME = AccentColor;
				CODE_SIGN_STYLE = Automatic;
				CURRENT_PROJECT_VERSION = 1;
				GENERATE_INFOPLIST_FILE = YES;
				INFOPLIST_FILE = TodoApp/Info.plist;
				INFOPLIST_KEY_UIApplicationSupportsIndirectInputEvents = YES;
				INFOPLIST_KEY_UILaunchStoryboardName = LaunchScreen;
				INFOPLIST_KEY_UIMainStoryboardFile = Main;
				INFOPLIST_KEY_UISupportedInterfaceOrientations_iPad = "UIInterfaceOrientationPortrait UIInterfaceOrientationPortraitUpsideDown UIInterfaceOrientationLandscapeLeft UIInterfaceOrientationLandscapeRight";
				INFOPLIST_KEY_UISupportedInterfaceOrientations_iPhone = "UIInterfaceOrientationPortrait UIInterfaceOrientationLandscapeLeft UIInterfaceOrientationLandscapeRight";
				LD_RUNPATH_SEARCH_PATHS = (
					"$(inherited)",
					"@executable_path/Frameworks",
				);
				MARKETING_VERSION = 1.0;
				PRODUCT_BUNDLE_IDENTIFIER = aleynaaktas.TodoApp;
				PRODUCT_NAME = "$(TARGET_NAME)";
				SWIFT_EMIT_LOC_STRINGS = YES;
				SWIFT_VERSION = 5.0;
				TARGETED_DEVICE_FAMILY = "1,2";
			};
			name = Debug;
		};
		A64BBC212A78ECA10061ACD8 /* Release */ = {
			isa = XCBuildConfiguration;
			buildSettings = {
				ASSETCATALOG_COMPILER_APPICON_NAME = AppIcon;
				ASSETCATALOG_COMPILER_GLOBAL_ACCENT_COLOR_NAME = AccentColor;
				CODE_SIGN_STYLE = Automatic;
				CURRENT_PROJECT_VERSION = 1;
				GENERATE_INFOPLIST_FILE = YES;
				INFOPLIST_FILE = TodoApp/Info.plist;
				INFOPLIST_KEY_UIApplicationSupportsIndirectInputEvents = YES;
				INFOPLIST_KEY_UILaunchStoryboardName = LaunchScreen;
				INFOPLIST_KEY_UIMainStoryboardFile = Main;
				INFOPLIST_KEY_UISupportedInterfaceOrientations_iPad = "UIInterfaceOrientationPortrait UIInterfaceOrientationPortraitUpsideDown UIInterfaceOrientationLandscapeLeft UIInterfaceOrientationLandscapeRight";
				INFOPLIST_KEY_UISupportedInterfaceOrientations_iPhone = "UIInterfaceOrientationPortrait UIInterfaceOrientationLandscapeLeft UIInterfaceOrientationLandscapeRight";
				LD_RUNPATH_SEARCH_PATHS = (
					"$(inherited)",
					"@executable_path/Frameworks",
				);
				MARKETING_VERSION = 1.0;
				PRODUCT_BUNDLE_IDENTIFIER = aleynaaktas.TodoApp;
				PRODUCT_NAME = "$(TARGET_NAME)";
				SWIFT_EMIT_LOC_STRINGS = YES;
				SWIFT_VERSION = 5.0;
				TARGETED_DEVICE_FAMILY = "1,2";
			};
			name = Release;
		};
/* End XCBuildConfiguration section */

/* Begin XCConfigurationList section */
		A64BBC062A78ECA00061ACD8 /* Build configuration list for PBXProject "TodoApp" */ = {
			isa = XCConfigurationList;
			buildConfigurations = (
				A64BBC1D2A78ECA10061ACD8 /* Debug */,
				A64BBC1E2A78ECA10061ACD8 /* Release */,
			);
			defaultConfigurationIsVisible = 0;
			defaultConfigurationName = Release;
		};
		A64BBC1F2A78ECA10061ACD8 /* Build configuration list for PBXNativeTarget "TodoApp" */ = {
			isa = XCConfigurationList;
			buildConfigurations = (
				A64BBC202A78ECA10061ACD8 /* Debug */,
				A64BBC212A78ECA10061ACD8 /* Release */,
			);
			defaultConfigurationIsVisible = 0;
			defaultConfigurationName = Release;
		};
/* End XCConfigurationList section */

/* Begin XCRemoteSwiftPackageReference section */
		A61442222A8AB19F00176F72 /* XCRemoteSwiftPackageReference "RxSwift" */ = {
			isa = XCRemoteSwiftPackageReference;
			repositoryURL = "https://github.com/ReactiveX/RxSwift";
			requirement = {
				branch = main;
				kind = branch;
			};
		};
/* End XCRemoteSwiftPackageReference section */

/* Begin XCSwiftPackageProductDependency section */
		A61442232A8AB19F00176F72 /* RxSwift */ = {
			isa = XCSwiftPackageProductDependency;
			package = A61442222A8AB19F00176F72 /* XCRemoteSwiftPackageReference "RxSwift" */;
			productName = RxSwift;
		};
/* End XCSwiftPackageProductDependency section */
	};
	rootObject = A64BBC032A78ECA00061ACD8 /* Project object */;
}
